<?xml version="1.0" encoding="utf-8"?>
<Project ToolsVersion="4.0" xmlns="http://schemas.microsoft.com/developer/msbuild/2003">
  <ItemGroup>
    <ClCompile Include="src\columntypeutil.cpp">
      <Filter>Source Files</Filter>
    </ClCompile>
    <ClCompile Include="src\com_tightdb_group.cpp">
      <Filter>Source Files</Filter>
    </ClCompile>
    <ClCompile Include="src\com_tightdb_tablebase.cpp">
      <Filter>Source Files</Filter>
    </ClCompile>
    <ClCompile Include="src\com_tightdb_tablequery.cpp">
      <Filter>Source Files</Filter>
    </ClCompile>
    <ClCompile Include="src\com_tightdb_tableviewbase.cpp">
      <Filter>Source Files</Filter>
    </ClCompile>
    <ClCompile Include="src\java_lang_list_util.cpp">
      <Filter>Source Files</Filter>
    </ClCompile>
    <ClCompile Include="src\mixedutil.cpp">
      <Filter>Source Files</Filter>
    </ClCompile>
    <ClCompile Include="src\tablespecutil.cpp">
      <Filter>Source Files</Filter>
    </ClCompile>
    <ClCompile Include="src\util.cpp">
      <Filter>Source Files</Filter>
    </ClCompile>
    <ClCompile Include="src\com_tightdb_util.cpp">
      <Filter>Source Files</Filter>
    </ClCompile>
    <ClCompile Include="src\mem_usage.cpp">
      <Filter>Source Files</Filter>
    </ClCompile>
  </ItemGroup>
  <ItemGroup>
    <ClInclude Include="src\columntypeutil.h">
      <Filter>Header Files</Filter>
    </ClInclude>
    <ClInclude Include="src\com_tightdb_group.h">
      <Filter>Header Files</Filter>
    </ClInclude>
    <ClInclude Include="src\com_tightdb_tablebase.h">
      <Filter>Header Files</Filter>
    </ClInclude>
    <ClInclude Include="src\com_tightdb_tablequery.h">
      <Filter>Header Files</Filter>
    </ClInclude>
    <ClInclude Include="src\com_tightdb_tableviewbase.h">
      <Filter>Header Files</Filter>
    </ClInclude>
    <ClInclude Include="src\mixedutil.h">
      <Filter>Header Files</Filter>
    </ClInclude>
    <ClInclude Include="src\util.h">
      <Filter>Header Files</Filter>
    </ClInclude>
    <ClInclude Include="src\tablespecutil.h">
      <Filter>Header Files</Filter>
    </ClInclude>
    <ClInclude Include="src\com_tightdb_util.h">
      <Filter>Header Files</Filter>
    </ClInclude>
    <ClInclude Include="src\tablebase_tpl.hpp">
      <Filter>Header Files</Filter>
    </ClInclude>
    <ClInclude Include="src\mem_usage.hpp">
      <Filter>Header Files</Filter>
    </ClInclude>
  </ItemGroup>
  <ItemGroup>
    <Filter Include="Header Files">
      <UniqueIdentifier>{85e89884-a005-4137-b884-2bfc98625f53}</UniqueIdentifier>
    </Filter>
    <Filter Include="Source Files">
      <UniqueIdentifier>{06c42ab9-add0-4943-8e4f-0e738e7a96cc}</UniqueIdentifier>
    </Filter>
  </ItemGroup>
  <ItemGroup>
    <None Include="..\doc\changes.txt" />
  </ItemGroup>
</Project>