
Microsoft Visual Studio Solution File, Format Version 11.00
# Visual Studio 2010
Project("{8BC9CEB8-8B4A-11D0-8D11-00A0C91BC942}") = "tightdb_jni", "tightdb_jni.vcxproj", "{3F422E96-7826-0F72-C2FC-D7F8AED63C7B}"
EndProject
Global
	GlobalSection(SolutionConfigurationPlatforms) = preSolution
		Debug|Win32 = Debug|Win32
		Debug|x64 = Debug|x64
		Release|Win32 = Release|Win32
		Release|x64 = Release|x64
		Static library, debug|Win32 = Static library, debug|Win32
		Static library, debug|x64 = Static library, debug|x64
		Static library, release|Win32 = Static library, release|Win32
		Static library, release|x64 = Static library, release|x64
	EndGlobalSection
	GlobalSection(ProjectConfigurationPlatforms) = postSolution
		{3F422E96-7826-0F72-C2FC-D7F8AED63C7B}.Debug|Win32.ActiveCfg = Debug|Win32
		{3F422E96-7826-0F72-C2FC-D7F8AED63C7B}.Debug|x64.ActiveCfg = Debug|x64
		{3F422E96-7826-0F72-C2FC-D7F8AED63C7B}.Debug|x64.Build.0 = Debug|x64
		{3F422E96-7826-0F72-C2FC-D7F8AED63C7B}.Release|Win32.ActiveCfg = Release|Win32
		{3F422E96-7826-0F72-C2FC-D7F8AED63C7B}.Release|x64.ActiveCfg = Release|x64
		{3F422E96-7826-0F72-C2FC-D7F8AED63C7B}.Static library, debug|Win32.ActiveCfg = Debug|Win32
		{3F422E96-7826-0F72-C2FC-D7F8AED63C7B}.Static library, debug|x64.ActiveCfg = Debug|x64
		{3F422E96-7826-0F72-C2FC-D7F8AED63C7B}.Static library, debug|x64.Build.0 = Debug|x64
		{3F422E96-7826-0F72-C2FC-D7F8AED63C7B}.Static library, release|Win32.ActiveCfg = Release|Win32
		{3F422E96-7826-0F72-C2FC-D7F8AED63C7B}.Static library, release|x64.ActiveCfg = Release|x64
		{3F422E96-7826-0F72-C2FC-D7F8AED63C7B}.Static library, release|x64.Build.0 = Release|x64
	EndGlobalSection
	GlobalSection(SolutionProperties) = preSolution
		HideSolutionNode = FALSE
	EndGlobalSection
EndGlobal
