<?xml version="1.0" encoding="utf-8"?>
<Project ToolsVersion="4.0" xmlns="http://schemas.microsoft.com/developer/msbuild/2003">
  <ItemGroup>
    <Filter Include="Header Files">
      <UniqueIdentifier>{85e89884-a005-4137-b884-2bfc98625f53}</UniqueIdentifier>
    </Filter>
    <Filter Include="Source Files">
      <UniqueIdentifier>{06c42ab9-add0-4943-8e4f-0e738e7a96cc}</UniqueIdentifier>
    </Filter>
  </ItemGroup>
  <ItemGroup>
    <None Include="..\doc\changes.txt" />
    <None Include="src\Makefile" />
  </ItemGroup>
  <ItemGroup>
    <ClCompile Include="src\columntypeutil.cpp">
      <Filter>Source Files</Filter>
    </ClCompile>
    <ClCompile Include="src\com_tightdb_Group.cpp">
      <Filter>Source Files</Filter>
    </ClCompile>
    <ClCompile Include="src\com_tightdb_internal_Util.cpp">
      <Filter>Source Files</Filter>
    </ClCompile>
    <ClCompile Include="src\com_tightdb_SharedGroup.cpp">
      <Filter>Source Files</Filter>
    </ClCompile>
    <ClCompile Include="src\com_tightdb_SubtableSchema.cpp">
      <Filter>Source Files</Filter>
    </ClCompile>
    <ClCompile Include="src\com_tightdb_table.cpp">
      <Filter>Source Files</Filter>
    </ClCompile>
    <ClCompile Include="src\com_tightdb_TableQuery.cpp">
      <Filter>Source Files</Filter>
    </ClCompile>
    <ClCompile Include="src\com_tightdb_tableview.cpp">
      <Filter>Source Files</Filter>
    </ClCompile>
    <ClCompile Include="src\java_lang_List_Util.cpp">
      <Filter>Source Files</Filter>
    </ClCompile>
    <ClCompile Include="src\mem_usage.cpp">
      <Filter>Source Files</Filter>
    </ClCompile>
    <ClCompile Include="src\mixedutil.cpp">
      <Filter>Source Files</Filter>
    </ClCompile>
    <ClCompile Include="src\TableSpecUtil.cpp">
      <Filter>Source Files</Filter>
    </ClCompile>
    <ClCompile Include="src\util.cpp">
      <Filter>Source Files</Filter>
    </ClCompile>
  </ItemGroup>
  <ItemGroup>
    <ClInclude Include="src\com_tightdb_Group.h">
      <Filter>Header Files</Filter>
    </ClInclude>
    <ClInclude Include="src\com_tightdb_internal_Util.h">
      <Filter>Header Files</Filter>
    </ClInclude>
    <ClInclude Include="src\com_tightdb_SharedGroup.h">
      <Filter>Header Files</Filter>
    </ClInclude>
    <ClInclude Include="src\com_tightdb_SubtableSchema.h">
      <Filter>Header Files</Filter>
    </ClInclude>
    <ClInclude Include="src\com_tightdb_Table.h">
      <Filter>Header Files</Filter>
    </ClInclude>
    <ClInclude Include="src\com_tightdb_TableQuery.h">
      <Filter>Header Files</Filter>
    </ClInclude>
    <ClInclude Include="src\com_tightdb_TableView.h">
      <Filter>Header Files</Filter>
    </ClInclude>
    <ClInclude Include="src\java_lang_List_Util.hpp">
      <Filter>Header Files</Filter>
    </ClInclude>
    <ClInclude Include="src\mem_usage.hpp">
      <Filter>Header Files</Filter>
    </ClInclude>
    <ClInclude Include="src\mixedutil.hpp">
      <Filter>Header Files</Filter>
    </ClInclude>
    <ClInclude Include="src\tablebase_tpl.hpp">
      <Filter>Header Files</Filter>
    </ClInclude>
    <ClInclude Include="src\tablequery.hpp">
      <Filter>Header Files</Filter>
    </ClInclude>
    <ClInclude Include="src\TableSpecUtil.hpp">
      <Filter>Header Files</Filter>
    </ClInclude>
    <ClInclude Include="src\util.hpp">
      <Filter>Header Files</Filter>
    </ClInclude>
    <ClInclude Include="src\columntypeutil.hpp">
      <Filter>Header Files</Filter>
    </ClInclude>
  </ItemGroup>
</Project>