<?xml version="1.0" encoding="utf-8"?>
<Project ToolsVersion="4.0" xmlns="http://schemas.microsoft.com/developer/msbuild/2003">
  <ItemGroup>
    <ClCompile Include="columntypeutil.cpp">
      <Filter>Source Files</Filter>
    </ClCompile>
    <ClCompile Include="util.cpp">
      <Filter>Source Files</Filter>
    </ClCompile>
    <ClCompile Include="mixedutil.cpp">
      <Filter>Source Files</Filter>
    </ClCompile>
    <ClCompile Include="com_tightdb_TableBase.cpp">
      <Filter>Source Files</Filter>
    </ClCompile>
    <ClCompile Include="com_tightdb_TableViewBase.cpp">
      <Filter>Source Files</Filter>
    </ClCompile>
  </ItemGroup>
  <ItemGroup>
    <ClInclude Include="columntypeutil.h">
      <Filter>Header Files</Filter>
    </ClInclude>
    <ClInclude Include="mixedutil.h">
      <Filter>Header Files</Filter>
    </ClInclude>
    <ClInclude Include="util.h">
      <Filter>Header Files</Filter>
    </ClInclude>
  </ItemGroup>
  <ItemGroup>
    <Filter Include="Header Files">
      <UniqueIdentifier>{8ad166df-a07f-49fd-a3cd-bb55dd950838}</UniqueIdentifier>
    </Filter>
    <Filter Include="Source Files">
      <UniqueIdentifier>{f6b2a11e-fdc7-4cc8-a5ae-3330690a2272}</UniqueIdentifier>
    </Filter>
  </ItemGroup>
</Project>